
Microsoft Visual Studio Solution File, Format Version 12.00
# Visual Studio Version 17
VisualStudioVersion = 17.0.31903.59
MinimumVisualStudioVersion = 10.0.40219.1
Project("{FAE04EC0-301F-11D3-BF4B-00C04F79EFBC}") = "Core", "Core\Core.csproj", "{E9E2A9B9-336A-46B3-9443-7199B031E97B}"
EndProject
Project("{FAE04EC0-301F-11D3-BF4B-00C04F79EFBC}") = "Vampire", "Vampire\Vampire.csproj", "{B03BDC73-C3BE-41F4-BFEA-EC6423ED0587}"
EndProject
Project("{FAE04EC0-301F-11D3-BF4B-00C04F79EFBC}") = "Engine", "Engine\Engine.csproj", "{5243B23E-155C-4741-BCFF-EFB2342690AF}"
EndProject
Project("{FAE04EC0-301F-11D3-BF4B-00C04F79EFBC}") = "Main", "Main\Main.csproj", "{0AF7EDB4-9F79-481A-A612-226619BF8EF2}"
EndProject
Global
	GlobalSection(SolutionConfigurationPlatforms) = preSolution
		Debug|Any CPU = Debug|Any CPU
		Debug|x64 = Debug|x64
		Debug|x86 = Debug|x86
		Release|Any CPU = Release|Any CPU
		Release|x64 = Release|x64
		Release|x86 = Release|x86
	EndGlobalSection
	GlobalSection(ProjectConfigurationPlatforms) = postSolution
		{E9E2A9B9-336A-46B3-9443-7199B031E97B}.Debug|Any CPU.ActiveCfg = Debug|Any CPU
		{E9E2A9B9-336A-46B3-9443-7199B031E97B}.Debug|Any CPU.Build.0 = Debug|Any CPU
		{E9E2A9B9-336A-46B3-9443-7199B031E97B}.Debug|x64.ActiveCfg = Debug|Any CPU
		{E9E2A9B9-336A-46B3-9443-7199B031E97B}.Debug|x64.Build.0 = Debug|Any CPU
		{E9E2A9B9-336A-46B3-9443-7199B031E97B}.Debug|x86.ActiveCfg = Debug|Any CPU
		{E9E2A9B9-336A-46B3-9443-7199B031E97B}.Debug|x86.Build.0 = Debug|Any CPU
		{E9E2A9B9-336A-46B3-9443-7199B031E97B}.Release|Any CPU.ActiveCfg = Release|Any CPU
		{E9E2A9B9-336A-46B3-9443-7199B031E97B}.Release|Any CPU.Build.0 = Release|Any CPU
		{E9E2A9B9-336A-46B3-9443-7199B031E97B}.Release|x64.ActiveCfg = Release|Any CPU
		{E9E2A9B9-336A-46B3-9443-7199B031E97B}.Release|x64.Build.0 = Release|Any CPU
		{E9E2A9B9-336A-46B3-9443-7199B031E97B}.Release|x86.ActiveCfg = Release|Any CPU
		{E9E2A9B9-336A-46B3-9443-7199B031E97B}.Release|x86.Build.0 = Release|Any CPU
		{B03BDC73-C3BE-41F4-BFEA-EC6423ED0587}.Debug|Any CPU.ActiveCfg = Debug|Any CPU
		{B03BDC73-C3BE-41F4-BFEA-EC6423ED0587}.Debug|Any CPU.Build.0 = Debug|Any CPU
		{B03BDC73-C3BE-41F4-BFEA-EC6423ED0587}.Debug|x64.ActiveCfg = Debug|Any CPU
		{B03BDC73-C3BE-41F4-BFEA-EC6423ED0587}.Debug|x64.Build.0 = Debug|Any CPU
		{B03BDC73-C3BE-41F4-BFEA-EC6423ED0587}.Debug|x86.ActiveCfg = Debug|Any CPU
		{B03BDC73-C3BE-41F4-BFEA-EC6423ED0587}.Debug|x86.Build.0 = Debug|Any CPU
		{B03BDC73-C3BE-41F4-BFEA-EC6423ED0587}.Release|Any CPU.ActiveCfg = Release|Any CPU
		{B03BDC73-C3BE-41F4-BFEA-EC6423ED0587}.Release|Any CPU.Build.0 = Release|Any CPU
		{B03BDC73-C3BE-41F4-BFEA-EC6423ED0587}.Release|x64.ActiveCfg = Release|Any CPU
		{B03BDC73-C3BE-41F4-BFEA-EC6423ED0587}.Release|x64.Build.0 = Release|Any CPU
		{B03BDC73-C3BE-41F4-BFEA-EC6423ED0587}.Release|x86.ActiveCfg = Release|Any CPU
		{B03BDC73-C3BE-41F4-BFEA-EC6423ED0587}.Release|x86.Build.0 = Release|Any CPU
		{5243B23E-155C-4741-BCFF-EFB2342690AF}.Debug|Any CPU.ActiveCfg = Debug|Any CPU
		{5243B23E-155C-4741-BCFF-EFB2342690AF}.Debug|Any CPU.Build.0 = Debug|Any CPU
		{5243B23E-155C-4741-BCFF-EFB2342690AF}.Debug|x64.ActiveCfg = Debug|Any CPU
		{5243B23E-155C-4741-BCFF-EFB2342690AF}.Debug|x64.Build.0 = Debug|Any CPU
		{5243B23E-155C-4741-BCFF-EFB2342690AF}.Debug|x86.ActiveCfg = Debug|Any CPU
		{5243B23E-155C-4741-BCFF-EFB2342690AF}.Debug|x86.Build.0 = Debug|Any CPU
		{5243B23E-155C-4741-BCFF-EFB2342690AF}.Release|Any CPU.ActiveCfg = Release|Any CPU
		{5243B23E-155C-4741-BCFF-EFB2342690AF}.Release|Any CPU.Build.0 = Release|Any CPU
		{5243B23E-155C-4741-BCFF-EFB2342690AF}.Release|x64.ActiveCfg = Release|Any CPU
		{5243B23E-155C-4741-BCFF-EFB2342690AF}.Release|x64.Build.0 = Release|Any CPU
		{5243B23E-155C-4741-BCFF-EFB2342690AF}.Release|x86.ActiveCfg = Release|Any CPU
		{5243B23E-155C-4741-BCFF-EFB2342690AF}.Release|x86.Build.0 = Release|Any CPU
		{0AF7EDB4-9F79-481A-A612-226619BF8EF2}.Debug|Any CPU.ActiveCfg = Debug|Any CPU
		{0AF7EDB4-9F79-481A-A612-226619BF8EF2}.Debug|Any CPU.Build.0 = Debug|Any CPU
		{0AF7EDB4-9F79-481A-A612-226619BF8EF2}.Debug|x64.ActiveCfg = Debug|Any CPU
		{0AF7EDB4-9F79-481A-A612-226619BF8EF2}.Debug|x64.Build.0 = Debug|Any CPU
		{0AF7EDB4-9F79-481A-A612-226619BF8EF2}.Debug|x86.ActiveCfg = Debug|Any CPU
		{0AF7EDB4-9F79-481A-A612-226619BF8EF2}.Debug|x86.Build.0 = Debug|Any CPU
		{0AF7EDB4-9F79-481A-A612-226619BF8EF2}.Release|Any CPU.ActiveCfg = Release|Any CPU
		{0AF7EDB4-9F79-481A-A612-226619BF8EF2}.Release|Any CPU.Build.0 = Release|Any CPU
		{0AF7EDB4-9F79-481A-A612-226619BF8EF2}.Release|x64.ActiveCfg = Release|Any CPU
		{0AF7EDB4-9F79-481A-A612-226619BF8EF2}.Release|x64.Build.0 = Release|Any CPU
		{0AF7EDB4-9F79-481A-A612-226619BF8EF2}.Release|x86.ActiveCfg = Release|Any CPU
		{0AF7EDB4-9F79-481A-A612-226619BF8EF2}.Release|x86.Build.0 = Release|Any CPU
	EndGlobalSection
	GlobalSection(SolutionProperties) = preSolution
		HideSolutionNode = FALSE
	EndGlobalSection
EndGlobal
