
Microsoft Visual Studio Solution File, Format Version 12.00
Project("{FAE04EC0-301F-11D3-BF4B-00C04F79EFBC}") = "Lab4", "Lab4.csproj", "{00FBC570-D50B-4253-B6AF-5C6D3BEF97EA}"
EndProject
Global
	GlobalSection(SolutionConfigurationPlatforms) = preSolution
		Debug|Any CPU = Debug|Any CPU
		Release|Any CPU = Release|Any CPU
	EndGlobalSection
	GlobalSection(ProjectConfigurationPlatforms) = postSolution
		{00FBC570-D50B-4253-B6AF-5C6D3BEF97EA}.Debug|Any CPU.ActiveCfg = Debug|Any CPU
		{00FBC570-D50B-4253-B6AF-5C6D3BEF97EA}.Debug|Any CPU.Build.0 = Debug|Any CPU
		{00FBC570-D50B-4253-B6AF-5C6D3BEF97EA}.Release|Any CPU.ActiveCfg = Release|Any CPU
		{00FBC570-D50B-4253-B6AF-5C6D3BEF97EA}.Release|Any CPU.Build.0 = Release|Any CPU
	EndGlobalSection
EndGlobal
